
Microsoft Visual Studio Solution File, Format Version 12.00
# Visual Studio 15
Project("{FAE04EC0-301F-11D3-BF4B-00C04F79EFBC}") = "Homework", "Homework\Homework.csproj", "{766B2445-44E2-4217-80FF-B41A6C4DC3B9}"
EndProject
Global
	GlobalSection(SolutionConfigurationPlatforms) = preSolution
		Debug|anycpu = Debug|anycpu
		Release|anycpu = Release|anycpu
	EndGlobalSection
	GlobalSection(ProjectConfigurationPlatforms) = postSolution
		{766B2445-44E2-4217-80FF-B41A6C4DC3B9}.Debug|anycpu.ActiveCfg = Debug|anycpu
		{766B2445-44E2-4217-80FF-B41A6C4DC3B9}.Debug|anycpu.Build.0 = Debug|anycpu
		{766B2445-44E2-4217-80FF-B41A6C4DC3B9}.Release|anycpu.ActiveCfg = Release|anycpu
		{766B2445-44E2-4217-80FF-B41A6C4DC3B9}.Release|anycpu.Build.0 = Release|anycpu
	EndGlobalSection
EndGlobal
